{
  "name": "@tsgl/webgl-state",
  "version": "0.0.1",
  "lockfileVersion": 1,
  "requires": true,
  "dependencies": {
    "@babel/runtime": {
      "version": "7.8.4",
      "resolved": "https://registry.npm.taobao.org/@babel/runtime/download/@babel/runtime-7.8.4.tgz",
      "integrity": "sha1-159aIED3yqJNU+VjqtScvAVYEwg=",
      "requires": {
        "regenerator-runtime": "^0.13.2"
      }
    },
    "@luma.gl/constants": {
      "version": "8.0.5",
      "resolved": "https://registry.npm.taobao.org/@luma.gl/constants/download/@luma.gl/constants-8.0.5.tgz",
      "integrity": "sha1-/LvDMPNB6vmMyspXqjlnaPFGT58="
    },
    "@luma.gl/gltools": {
      "version": "8.0.5",
      "resolved": "https://registry.npm.taobao.org/@luma.gl/gltools/download/@luma.gl/gltools-8.0.5.tgz",
      "integrity": "sha1-5s1EShVQBuA3UrHjaax2ca8ZyrE=",
      "requires": {
        "@babel/runtime": "^7.0.0",
        "@luma.gl/constants": "8.0.5",
        "probe.gl": "^3.2.0"
      }
    },
    "@probe.gl/stats": {
      "version": "3.2.1",
      "resolved": "https://registry.npm.taobao.org/@probe.gl/stats/download/@probe.gl/stats-3.2.1.tgz",
      "integrity": "sha1-TpXHVRMinrsBOEBF6JUkpGbAIus=",
      "requires": {
        "@babel/runtime": "^7.0.0"
      }
    },
    "@tsgl/webgl-consts": {
      "version": "0.0.2",
      "resolved": "https://registry.npm.taobao.org/@tsgl/webgl-consts/download/@tsgl/webgl-consts-0.0.2.tgz?cache=0&sync_timestamp=1580776601639&other_urls=https%3A%2F%2Fregistry.npm.taobao.org%2F%40tsgl%2Fwebgl-consts%2Fdownload%2F%40tsgl%2Fwebgl-consts-0.0.2.tgz",
      "integrity": "sha1-Q9GabOZC+T0eNUeTHvAP391Kgz4="
    },
    "@tsgl/webgl2-consts": {
      "version": "0.0.1",
      "resolved": "https://registry.npm.taobao.org/@tsgl/webgl2-consts/download/@tsgl/webgl2-consts-0.0.1.tgz",
      "integrity": "sha1-4inMLgxJ+fs1ubY368BBAvjAHYE="
    },
    "probe.gl": {
      "version": "3.2.1",
      "resolved": "https://registry.npm.taobao.org/probe.gl/download/probe.gl-3.2.1.tgz",
      "integrity": "sha1-yS2z6J32xFqf4Dd4kMaw3tNdKXQ=",
      "requires": {
        "@babel/runtime": "^7.0.0",
        "@probe.gl/stats": "3.2.1"
      }
    },
    "regenerator-runtime": {
      "version": "0.13.3",
      "resolved": "https://registry.npm.taobao.org/regenerator-runtime/download/regenerator-runtime-0.13.3.tgz?cache=0&sync_timestamp=1582478406224&other_urls=https%3A%2F%2Fregistry.npm.taobao.org%2Fregenerator-runtime%2Fdownload%2Fregenerator-runtime-0.13.3.tgz",
      "integrity": "sha1-fPanfY9cb2Drc8X8GVWyzrAea/U="
    }
  }
}
